// !$*UTF8*$!
{
	archiveVersion = 1;
	classes = {
	};
	objectVersion = 46;
	objects = {

/* Begin PBXBuildFile section */
		1E178C3D19B372CF0067A7CC /* main.m in Sources */ = {isa = PBXBuildFile; fileRef = 1E178C3C19B372CF0067A7CC /* main.m */; };
		1E178C4019B372CF0067A7CC /* AppDelegate.m in Sources */ = {isa = PBXBuildFile; fileRef = 1E178C3F19B372CF0067A7CC /* AppDelegate.m */; };
		1E178C4319B372CF0067A7CC /* ViewController.m in Sources */ = {isa = PBXBuildFile; fileRef = 1E178C4219B372CF0067A7CC /* ViewController.m */; };
		1E178C4619B372CF0067A7CC /* Main.storyboard in Resources */ = {isa = PBXBuildFile; fileRef = 1E178C4419B372CF0067A7CC /* Main.storyboard */; };
		1E178C4819B372CF0067A7CC /* Images.xcassets in Resources */ = {isa = PBXBuildFile; fileRef = 1E178C4719B372CF0067A7CC /* Images.xcassets */; };
		1E178C5419B372CF0067A7CC /* Top_PlacesTests.m in Sources */ = {isa = PBXBuildFile; fileRef = 1E178C5319B372CF0067A7CC /* Top_PlacesTests.m */; };
/* End PBXBuildFile section */

/* Begin PBXContainerItemProxy section */
		1E178C4E19B372CF0067A7CC /* PBXContainerItemProxy */ = {
			isa = PBXContainerItemProxy;
			containerPortal = 1E178C2F19B372CF0067A7CC /* Project object */;
			proxyType = 1;
			remoteGlobalIDString = 1E178C3619B372CF0067A7CC;
			remoteInfo = "Top Places";
		};
/* End PBXContainerItemProxy section */

/* Begin PBXFileReference section */
		1E178C3719B372CF0067A7CC /* Top Places.app */ = {isa = PBXFileReference; explicitFileType = wrapper.application; includeInIndex = 0; path = "Top Places.app"; sourceTree = BUILT_PRODUCTS_DIR; };
		1E178C3B19B372CF0067A7CC /* Info.plist */ = {isa = PBXFileReference; lastKnownFileType = text.plist.xml; path = Info.plist; sourceTree = "<group>"; };
		1E178C3C19B372CF0067A7CC /* main.m */ = {isa = PBXFileReference; lastKnownFileType = sourcecode.c.objc; path = main.m; sourceTree = "<group>"; };
		1E178C3E19B372CF0067A7CC /* AppDelegate.h */ = {isa = PBXFileReference; lastKnownFileType = sourcecode.c.h; path = AppDelegate.h; sourceTree = "<group>"; };
		1E178C3F19B372CF0067A7CC /* AppDelegate.m */ = {isa = PBXFileReference; lastKnownFileType = sourcecode.c.objc; path = AppDelegate.m; sourceTree = "<group>"; };
		1E178C4119B372CF0067A7CC /* ViewController.h */ = {isa = PBXFileReference; lastKnownFileType = sourcecode.c.h; path = ViewController.h; sourceTree = "<group>"; };
		1E178C4219B372CF0067A7CC /* ViewController.m */ = {isa = PBXFileReference; lastKnownFileType = sourcecode.c.objc; path = ViewController.m; sourceTree = "<group>"; };
		1E178C4519B372CF0067A7CC /* Base */ = {isa = PBXFileReference; lastKnownFileType = file.storyboard; name = Base; path = Base.lproj/Main.storyboard; sourceTree = "<group>"; };
		1E178C4719B372CF0067A7CC /* Images.xcassets */ = {isa = PBXFileReference; lastKnownFileType = folder.assetcatalog; path = Images.xcassets; sourceTree = "<group>"; };
		1E178C4D19B372CF0067A7CC /* Top PlacesTests.xctest */ = {isa = PBXFileReference; explicitFileType = wrapper.cfbundle; includeInIndex = 0; path = "Top PlacesTests.xctest"; sourceTree = BUILT_PRODUCTS_DIR; };
		1E178C5219B372CF0067A7CC /* Info.plist */ = {isa = PBXFileReference; lastKnownFileType = text.plist.xml; path = Info.plist; sourceTree = "<group>"; };
		1E178C5319B372CF0067A7CC /* Top_PlacesTests.m */ = {isa = PBXFileReference; lastKnownFileType = sourcecode.c.objc; path = Top_PlacesTests.m; sourceTree = "<group>"; };
/* End PBXFileReference section */

/* Begin PBXFrameworksBuildPhase section */
		1E178C3419B372CF0067A7CC /* Frameworks */ = {
			isa = PBXFrameworksBuildPhase;
			buildActionMask = 2147483647;
			files = (
			);
			runOnlyForDeploymentPostprocessing = 0;
		};
		1E178C4A19B372CF0067A7CC /* Frameworks */ = {
			isa = PBXFrameworksBuildPhase;
			buildActionMask = 2147483647;
			files = (
			);
			runOnlyForDeploymentPostprocessing = 0;
		};
/* End PBXFrameworksBuildPhase section */

/* Begin PBXGroup section */
		1E178C2E19B372CF0067A7CC = {
			isa = PBXGroup;
			children = (
				1E178C3919B372CF0067A7CC /* Top Places */,
				1E178C5019B372CF0067A7CC /* Top PlacesTests */,
				1E178C3819B372CF0067A7CC /* Products */,
			);
			sourceTree = "<group>";
		};
		1E178C3819B372CF0067A7CC /* Products */ = {
			isa = PBXGroup;
			children = (
				1E178C3719B372CF0067A7CC /* Top Places.app */,
				1E178C4D19B372CF0067A7CC /* Top PlacesTests.xctest */,
			);
			name = Products;
			sourceTree = "<group>";
		};
		1E178C3919B372CF0067A7CC /* Top Places */ = {
			isa = PBXGroup;
			children = (
				1E178C3E19B372CF0067A7CC /* AppDelegate.h */,
				1E178C3F19B372CF0067A7CC /* AppDelegate.m */,
				1E178C4119B372CF0067A7CC /* ViewController.h */,
				1E178C4219B372CF0067A7CC /* ViewController.m */,
				1E178C4419B372CF0067A7CC /* Main.storyboard */,
				1E178C4719B372CF0067A7CC /* Images.xcassets */,
				1E178C3A19B372CF0067A7CC /* Supporting Files */,
			);
			path = "Top Places";
			sourceTree = "<group>";
		};
		1E178C3A19B372CF0067A7CC /* Supporting Files */ = {
			isa = PBXGroup;
			children = (
				1E178C3B19B372CF0067A7CC /* Info.plist */,
				1E178C3C19B372CF0067A7CC /* main.m */,
			);
			name = "Supporting Files";
			sourceTree = "<group>";
		};
		1E178C5019B372CF0067A7CC /* Top PlacesTests */ = {
			isa = PBXGroup;
			children = (
				1E178C5319B372CF0067A7CC /* Top_PlacesTests.m */,
				1E178C5119B372CF0067A7CC /* Supporting Files */,
			);
			path = "Top PlacesTests";
			sourceTree = "<group>";
		};
		1E178C5119B372CF0067A7CC /* Supporting Files */ = {
			isa = PBXGroup;
			children = (
				1E178C5219B372CF0067A7CC /* Info.plist */,
			);
			name = "Supporting Files";
			sourceTree = "<group>";
		};
/* End PBXGroup section */

/* Begin PBXNativeTarget section */
		1E178C3619B372CF0067A7CC /* Top Places */ = {
			isa = PBXNativeTarget;
			buildConfigurationList = 1E178C5719B372CF0067A7CC /* Build configuration list for PBXNativeTarget "Top Places" */;
			buildPhases = (
				1E178C3319B372CF0067A7CC /* Sources */,
				1E178C3419B372CF0067A7CC /* Frameworks */,
				1E178C3519B372CF0067A7CC /* Resources */,
			);
			buildRules = (
			);
			dependencies = (
			);
			name = "Top Places";
			productName = "Top Places";
			productReference = 1E178C3719B372CF0067A7CC /* Top Places.app */;
			productType = "com.apple.product-type.application";
		};
		1E178C4C19B372CF0067A7CC /* Top PlacesTests */ = {
			isa = PBXNativeTarget;
			buildConfigurationList = 1E178C5A19B372CF0067A7CC /* Build configuration list for PBXNativeTarget "Top PlacesTests" */;
			buildPhases = (
				1E178C4919B372CF0067A7CC /* Sources */,
				1E178C4A19B372CF0067A7CC /* Frameworks */,
				1E178C4B19B372CF0067A7CC /* Resources */,
			);
			buildRules = (
			);
			dependencies = (
				1E178C4F19B372CF0067A7CC /* PBXTargetDependency */,
			);
			name = "Top PlacesTests";
			productName = "Top PlacesTests";
			productReference = 1E178C4D19B372CF0067A7CC /* Top PlacesTests.xctest */;
			productType = "com.apple.product-type.bundle.unit-test";
		};
/* End PBXNativeTarget section */

/* Begin PBXProject section */
		1E178C2F19B372CF0067A7CC /* Project object */ = {
			isa = PBXProject;
			attributes = {
				LastUpgradeCheck = 0600;
				ORGANIZATIONNAME = Appleseed;
				TargetAttributes = {
					1E178C3619B372CF0067A7CC = {
						CreatedOnToolsVersion = 6.0;
					};
					1E178C4C19B372CF0067A7CC = {
						CreatedOnToolsVersion = 6.0;
						TestTargetID = 1E178C3619B372CF0067A7CC;
					};
				};
			};
			buildConfigurationList = 1E178C3219B372CF0067A7CC /* Build configuration list for PBXProject "Top Places" */;
			compatibilityVersion = "Xcode 3.2";
			developmentRegion = English;
			hasScannedForEncodings = 0;
			knownRegions = (
				en,
				Base,
			);
			mainGroup = 1E178C2E19B372CF0067A7CC;
			productRefGroup = 1E178C3819B372CF0067A7CC /* Products */;
			projectDirPath = "";
			projectRoot = "";
			targets = (
				1E178C3619B372CF0067A7CC /* Top Places */,
				1E178C4C19B372CF0067A7CC /* Top PlacesTests */,
			);
		};
/* End PBXProject section */

/* Begin PBXResourcesBuildPhase section */
		1E178C3519B372CF0067A7CC /* Resources */ = {
			isa = PBXResourcesBuildPhase;
			buildActionMask = 2147483647;
			files = (
				1E178C4619B372CF0067A7CC /* Main.storyboard in Resources */,
				1E178C4819B372CF0067A7CC /* Images.xcassets in Resources */,
			);
			runOnlyForDeploymentPostprocessing = 0;
		};
		1E178C4B19B372CF0067A7CC /* Resources */ = {
			isa = PBXResourcesBuildPhase;
			buildActionMask = 2147483647;
			files = (
			);
			runOnlyForDeploymentPostprocessing = 0;
		};
/* End PBXResourcesBuildPhase section */

/* Begin PBXSourcesBuildPhase section */
		1E178C3319B372CF0067A7CC /* Sources */ = {
			isa = PBXSourcesBuildPhase;
			buildActionMask = 2147483647;
			files = (
				1E178C4319B372CF0067A7CC /* ViewController.m in Sources */,
				1E178C4019B372CF0067A7CC /* AppDelegate.m in Sources */,
				1E178C3D19B372CF0067A7CC /* main.m in Sources */,
			);
			runOnlyForDeploymentPostprocessing = 0;
		};
		1E178C4919B372CF0067A7CC /* Sources */ = {
			isa = PBXSourcesBuildPhase;
			buildActionMask = 2147483647;
			files = (
				1E178C5419B372CF0067A7CC /* Top_PlacesTests.m in Sources */,
			);
			runOnlyForDeploymentPostprocessing = 0;
		};
/* End PBXSourcesBuildPhase section */

/* Begin PBXTargetDependency section */
		1E178C4F19B372CF0067A7CC /* PBXTargetDependency */ = {
			isa = PBXTargetDependency;
			target = 1E178C3619B372CF0067A7CC /* Top Places */;
			targetProxy = 1E178C4E19B372CF0067A7CC /* PBXContainerItemProxy */;
		};
/* End PBXTargetDependency section */

/* Begin PBXVariantGroup section */
		1E178C4419B372CF0067A7CC /* Main.storyboard */ = {
			isa = PBXVariantGroup;
			children = (
				1E178C4519B372CF0067A7CC /* Base */,
			);
			name = Main.storyboard;
			sourceTree = "<group>";
		};
/* End PBXVariantGroup section */

/* Begin XCBuildConfiguration section */
		1E178C5519B372CF0067A7CC /* Debug */ = {
			isa = XCBuildConfiguration;
			buildSettings = {
				ALWAYS_SEARCH_USER_PATHS = NO;
				CLANG_CXX_LANGUAGE_STANDARD = "gnu++0x";
				CLANG_CXX_LIBRARY = "libc++";
				CLANG_ENABLE_MODULES = YES;
				CLANG_ENABLE_OBJC_ARC = YES;
				CLANG_WARN_BOOL_CONVERSION = YES;
				CLANG_WARN_CONSTANT_CONVERSION = YES;
				CLANG_WARN_DIRECT_OBJC_ISA_USAGE = YES_ERROR;
				CLANG_WARN_EMPTY_BODY = YES;
				CLANG_WARN_ENUM_CONVERSION = YES;
				CLANG_WARN_INT_CONVERSION = YES;
				CLANG_WARN_OBJC_ROOT_CLASS = YES_ERROR;
				CLANG_WARN_UNREACHABLE_CODE = YES;
				CLANG_WARN__DUPLICATE_METHOD_MATCH = YES;
				"CODE_SIGN_IDENTITY[sdk=iphoneos*]" = "iPhone Developer";
				COPY_PHASE_STRIP = NO;
				ENABLE_STRICT_OBJC_MSGSEND = YES;
				GCC_C_LANGUAGE_STANDARD = gnu99;
				GCC_DYNAMIC_NO_PIC = NO;
				GCC_OPTIMIZATION_LEVEL = 0;
				GCC_PREPROCESSOR_DEFINITIONS = (
					"DEBUG=1",
					"$(inherited)",
				);
				GCC_SYMBOLS_PRIVATE_EXTERN = NO;
				GCC_WARN_64_TO_32_BIT_CONVERSION = YES;
				GCC_WARN_ABOUT_RETURN_TYPE = YES_ERROR;
				GCC_WARN_UNDECLARED_SELECTOR = YES;
				GCC_WARN_UNINITIALIZED_AUTOS = YES_AGGRESSIVE;
				GCC_WARN_UNUSED_FUNCTION = YES;
				GCC_WARN_UNUSED_VARIABLE = YES;
				IPHONEOS_DEPLOYMENT_TARGET = 8.0;
				MTL_ENABLE_DEBUG_INFO = YES;
				ONLY_ACTIVE_ARCH = YES;
				SDKROOT = iphoneos;
				TARGETED_DEVICE_FAMILY = "1,2";
			};
			name = Debug;
		};
		1E178C5619B372CF0067A7CC /* Release */ = {
			isa = XCBuildConfiguration;
			buildSettings = {
				ALWAYS_SEARCH_USER_PATHS = NO;
				CLANG_CXX_LANGUAGE_STANDARD = "gnu++0x";
				CLANG_CXX_LIBRARY = "libc++";
				CLANG_ENABLE_MODULES = YES;
				CLANG_ENABLE_OBJC_ARC = YES;
				CLANG_WARN_BOOL_CONVERSION = YES;
				CLANG_WARN_CONSTANT_CONVERSION = YES;
				CLANG_WARN_DIRECT_OBJC_ISA_USAGE = YES_ERROR;
				CLANG_WARN_EMPTY_BODY = YES;
				CLANG_WARN_ENUM_CONVERSION = YES;
				CLANG_WARN_INT_CONVERSION = YES;
				CLANG_WARN_OBJC_ROOT_CLASS = YES_ERROR;
				CLANG_WARN_UNREACHABLE_CODE = YES;
				CLANG_WARN__DUPLICATE_METHOD_MATCH = YES;
				"CODE_SIGN_IDENTITY[sdk=iphoneos*]" = "iPhone Developer";
				COPY_PHASE_STRIP = YES;
				ENABLE_NS_ASSERTIONS = NO;
				ENABLE_STRICT_OBJC_MSGSEND = YES;
				GCC_C_LANGUAGE_STANDARD = gnu99;
				GCC_WARN_64_TO_32_BIT_CONVERSION = YES;
				GCC_WARN_ABOUT_RETURN_TYPE = YES_ERROR;
				GCC_WARN_UNDECLARED_SELECTOR = YES;
				GCC_WARN_UNINITIALIZED_AUTOS = YES_AGGRESSIVE;
				GCC_WARN_UNUSED_FUNCTION = YES;
				GCC_WARN_UNUSED_VARIABLE = YES;
				IPHONEOS_DEPLOYMENT_TARGET = 8.0;
				MTL_ENABLE_DEBUG_INFO = NO;
				SDKROOT = iphoneos;
				TARGETED_DEVICE_FAMILY = "1,2";
				VALIDATE_PRODUCT = YES;
			};
			name = Release;
		};
		1E178C5819B372CF0067A7CC /* Debug */ = {
			isa = XCBuildConfiguration;
			buildSettings = {
				ASSETCATALOG_COMPILER_APPICON_NAME = AppIcon;
				ASSETCATALOG_COMPILER_LAUNCHIMAGE_NAME = LaunchImage;
				INFOPLIST_FILE = "Top Places/Info.plist";
				LD_RUNPATH_SEARCH_PATHS = "$(inherited) @executable_path/Frameworks";
				PRODUCT_NAME = "$(TARGET_NAME)";
			};
			name = Debug;
		};
		1E178C5919B372CF0067A7CC /* Release */ = {
			isa = XCBuildConfiguration;
			buildSettings = {
				ASSETCATALOG_COMPILER_APPICON_NAME = AppIcon;
				ASSETCATALOG_COMPILER_LAUNCHIMAGE_NAME = LaunchImage;
				INFOPLIST_FILE = "Top Places/Info.plist";
				LD_RUNPATH_SEARCH_PATHS = "$(inherited) @executable_path/Frameworks";
				PRODUCT_NAME = "$(TARGET_NAME)";
			};
			name = Release;
		};
		1E178C5B19B372CF0067A7CC /* Debug */ = {
			isa = XCBuildConfiguration;
			buildSettings = {
				BUNDLE_LOADER = "$(TEST_HOST)";
				FRAMEWORK_SEARCH_PATHS = (
					"$(SDKROOT)/Developer/Library/Frameworks",
					"$(inherited)",
				);
				GCC_PREPROCESSOR_DEFINITIONS = (
					"DEBUG=1",
					"$(inherited)",
				);
				INFOPLIST_FILE = "Top PlacesTests/Info.plist";
				LD_RUNPATH_SEARCH_PATHS = "$(inherited) @executable_path/Frameworks @loader_path/Frameworks";
				PRODUCT_NAME = "$(TARGET_NAME)";
				TEST_HOST = "$(BUILT_PRODUCTS_DIR)/Top Places.app/Top Places";
			};
			name = Debug;
		};
		1E178C5C19B372CF0067A7CC /* Release */ = {
			isa = XCBuildConfiguration;
			buildSettings = {
				BUNDLE_LOADER = "$(TEST_HOST)";
				FRAMEWORK_SEARCH_PATHS = (
					"$(SDKROOT)/Developer/Library/Frameworks",
					"$(inherited)",
				);
				INFOPLIST_FILE = "Top PlacesTests/Info.plist";
				LD_RUNPATH_SEARCH_PATHS = "$(inherited) @executable_path/Frameworks @loader_path/Frameworks";
				PRODUCT_NAME = "$(TARGET_NAME)";
				TEST_HOST = "$(BUILT_PRODUCTS_DIR)/Top Places.app/Top Places";
			};
			name = Release;
		};
/* End XCBuildConfiguration section */

/* Begin XCConfigurationList section */
		1E178C3219B372CF0067A7CC /* Build configuration list for PBXProject "Top Places" */ = {
			isa = XCConfigurationList;
			buildConfigurations = (
				1E178C5519B372CF0067A7CC /* Debug */,
				1E178C5619B372CF0067A7CC /* Release */,
			);
			defaultConfigurationIsVisible = 0;
			defaultConfigurationName = Release;
		};
		1E178C5719B372CF0067A7CC /* Build configuration list for PBXNativeTarget "Top Places" */ = {
			isa = XCConfigurationList;
			buildConfigurations = (
				1E178C5819B372CF0067A7CC /* Debug */,
				1E178C5919B372CF0067A7CC /* Release */,
			);
			defaultConfigurationIsVisible = 0;
		};
		1E178C5A19B372CF0067A7CC /* Build configuration list for PBXNativeTarget "Top PlacesTests" */ = {
			isa = XCConfigurationList;
			buildConfigurations = (
				1E178C5B19B372CF0067A7CC /* Debug */,
				1E178C5C19B372CF0067A7CC /* Release */,
			);
			defaultConfigurationIsVisible = 0;
		};
/* End XCConfigurationList section */
	};
	rootObject = 1E178C2F19B372CF0067A7CC /* Project object */;
}
